
Microsoft Visual Studio Solution File, Format Version 12.00
# Visual Studio 2012
Project("{FAE04EC0-301F-11D3-BF4B-00C04F79EFBC}") = "ProgrammingAssignment2", "ProgrammingAssignment2\ProgrammingAssignment2.csproj", "{25FC5383-43BF-4FF5-8056-1CFB64E9A103}"
EndProject
Global
	GlobalSection(SolutionConfigurationPlatforms) = preSolution
		Debug|x86 = Debug|x86
		Release|x86 = Release|x86
	EndGlobalSection
	GlobalSection(ProjectConfigurationPlatforms) = postSolution
		{25FC5383-43BF-4FF5-8056-1CFB64E9A103}.Debug|x86.ActiveCfg = Debug|x86
		{25FC5383-43BF-4FF5-8056-1CFB64E9A103}.Debug|x86.Build.0 = Debug|x86
		{25FC5383-43BF-4FF5-8056-1CFB64E9A103}.Release|x86.ActiveCfg = Release|x86
		{25FC5383-43BF-4FF5-8056-1CFB64E9A103}.Release|x86.Build.0 = Release|x86
	EndGlobalSection
EndGlobal
