
Microsoft Visual Studio Solution File, Format Version 11.00
# Visual Studio 2010
Project("{FAE04EC0-301F-11D3-BF4B-00C04F79EFBC}") = "Exercise18", "Assembly-CSharp.csproj", "{072119C9-56B6-D7B8-A7A7-9C3BAF10F173}"
EndProject
Global
	GlobalSection(SolutionConfigurationPlatforms) = preSolution
		Debug|Any CPU = Debug|Any CPU
		Release|Any CPU = Release|Any CPU
	EndGlobalSection
	GlobalSection(ProjectConfigurationPlatforms) = postSolution
		{072119C9-56B6-D7B8-A7A7-9C3BAF10F173}.Debug|Any CPU.ActiveCfg = Debug|Any CPU
		{072119C9-56B6-D7B8-A7A7-9C3BAF10F173}.Debug|Any CPU.Build.0 = Debug|Any CPU
		{072119C9-56B6-D7B8-A7A7-9C3BAF10F173}.Release|Any CPU.ActiveCfg = Release|Any CPU
		{072119C9-56B6-D7B8-A7A7-9C3BAF10F173}.Release|Any CPU.Build.0 = Release|Any CPU
	EndGlobalSection
	GlobalSection(SolutionProperties) = preSolution
		HideSolutionNode = FALSE
	EndGlobalSection
	GlobalSection(MonoDevelopProperties) = preSolution
		StartupItem = Assembly-CSharp.csproj
	EndGlobalSection
EndGlobal
